
Microsoft Visual Studio Solution File, Format Version 12.00
# Visual Studio Version 17
VisualStudioVersion = 17.5.002.0
MinimumVisualStudioVersion = 10.0.40219.1
Project("{9A19103F-16F7-4668-BE54-9A1E7A4F7556}") = "CSE210", "Exercise 1\CSE210.csproj", "{51F95054-FF48-46E6-A7B8-78CBCF783052}"
EndProject
Project("{9A19103F-16F7-4668-BE54-9A1E7A4F7556}") = "Exercise 2", "Exercise 2\Exercise 2.csproj", "{41CBBB25-E256-4FAE-A4E3-0027DDB8CAF9}"
EndProject
Project("{9A19103F-16F7-4668-BE54-9A1E7A4F7556}") = "Exercise 3", "Exercise 3\Exercise 3.csproj", "{7BCF181E-75DD-4D0E-9025-36F8200D7FEC}"
EndProject
Project("{9A19103F-16F7-4668-BE54-9A1E7A4F7556}") = "Exercise 4", "Exercise 4\Exercise 4.csproj", "{5BDB9C62-44FC-4168-9FBE-1F67FF3709B6}"
EndProject
Project("{9A19103F-16F7-4668-BE54-9A1E7A4F7556}") = "Exercise 5", "Exercise 5\Exercise 5.csproj", "{77550FB4-BCB2-4CE6-ADB3-3A7762581635}"
EndProject
Global
	GlobalSection(SolutionConfigurationPlatforms) = preSolution
		Debug|Any CPU = Debug|Any CPU
		Release|Any CPU = Release|Any CPU
	EndGlobalSection
	GlobalSection(ProjectConfigurationPlatforms) = postSolution
		{51F95054-FF48-46E6-A7B8-78CBCF783052}.Debug|Any CPU.ActiveCfg = Debug|Any CPU
		{51F95054-FF48-46E6-A7B8-78CBCF783052}.Debug|Any CPU.Build.0 = Debug|Any CPU
		{51F95054-FF48-46E6-A7B8-78CBCF783052}.Release|Any CPU.ActiveCfg = Release|Any CPU
		{51F95054-FF48-46E6-A7B8-78CBCF783052}.Release|Any CPU.Build.0 = Release|Any CPU
		{41CBBB25-E256-4FAE-A4E3-0027DDB8CAF9}.Debug|Any CPU.ActiveCfg = Debug|Any CPU
		{41CBBB25-E256-4FAE-A4E3-0027DDB8CAF9}.Debug|Any CPU.Build.0 = Debug|Any CPU
		{41CBBB25-E256-4FAE-A4E3-0027DDB8CAF9}.Release|Any CPU.ActiveCfg = Release|Any CPU
		{41CBBB25-E256-4FAE-A4E3-0027DDB8CAF9}.Release|Any CPU.Build.0 = Release|Any CPU
		{7BCF181E-75DD-4D0E-9025-36F8200D7FEC}.Debug|Any CPU.ActiveCfg = Debug|Any CPU
		{7BCF181E-75DD-4D0E-9025-36F8200D7FEC}.Debug|Any CPU.Build.0 = Debug|Any CPU
		{7BCF181E-75DD-4D0E-9025-36F8200D7FEC}.Release|Any CPU.ActiveCfg = Release|Any CPU
		{7BCF181E-75DD-4D0E-9025-36F8200D7FEC}.Release|Any CPU.Build.0 = Release|Any CPU
		{5BDB9C62-44FC-4168-9FBE-1F67FF3709B6}.Debug|Any CPU.ActiveCfg = Debug|Any CPU
		{5BDB9C62-44FC-4168-9FBE-1F67FF3709B6}.Debug|Any CPU.Build.0 = Debug|Any CPU
		{5BDB9C62-44FC-4168-9FBE-1F67FF3709B6}.Release|Any CPU.ActiveCfg = Release|Any CPU
		{5BDB9C62-44FC-4168-9FBE-1F67FF3709B6}.Release|Any CPU.Build.0 = Release|Any CPU
		{77550FB4-BCB2-4CE6-ADB3-3A7762581635}.Debug|Any CPU.ActiveCfg = Debug|Any CPU
		{77550FB4-BCB2-4CE6-ADB3-3A7762581635}.Debug|Any CPU.Build.0 = Debug|Any CPU
		{77550FB4-BCB2-4CE6-ADB3-3A7762581635}.Release|Any CPU.ActiveCfg = Release|Any CPU
		{77550FB4-BCB2-4CE6-ADB3-3A7762581635}.Release|Any CPU.Build.0 = Release|Any CPU
	EndGlobalSection
	GlobalSection(SolutionProperties) = preSolution
		HideSolutionNode = FALSE
	EndGlobalSection
	GlobalSection(ExtensibilityGlobals) = postSolution
		SolutionGuid = {3E5A56E1-A41F-4DF3-96D0-3F4E1C19425C}
	EndGlobalSection
EndGlobal
